// !$*UTF8*$!
{
	archiveVersion = 1;
	classes = {
	};
	objectVersion = 46;
	objects = {

/* Begin PBXBuildFile section */
		BED46EBF149DE5BF0026D15F /* Cocoa.framework in Frameworks */ = {isa = PBXBuildFile; fileRef = BED46EBE149DE5BF0026D15F /* Cocoa.framework */; };
		BED46EC9149DE5BF0026D15F /* InfoPlist.strings in Resources */ = {isa = PBXBuildFile; fileRef = BED46EC7149DE5BF0026D15F /* InfoPlist.strings */; };
		BED46ECB149DE5BF0026D15F /* main.m in Sources */ = {isa = PBXBuildFile; fileRef = BED46ECA149DE5BF0026D15F /* main.m */; };
		BED46ECF149DE5BF0026D15F /* Credits.rtf in Resources */ = {isa = PBXBuildFile; fileRef = BED46ECD149DE5BF0026D15F /* Credits.rtf */; };
		BED46ED2149DE5BF0026D15F /* AppDelegate.m in Sources */ = {isa = PBXBuildFile; fileRef = BED46ED1149DE5BF0026D15F /* AppDelegate.m */; };
		BED46ED5149DE5BF0026D15F /* MainMenu.xib in Resources */ = {isa = PBXBuildFile; fileRef = BED46ED3149DE5BF0026D15F /* MainMenu.xib */; };
		BED46EDD149DE5BF0026D15F /* SenTestingKit.framework in Frameworks */ = {isa = PBXBuildFile; fileRef = BED46EDC149DE5BF0026D15F /* SenTestingKit.framework */; };
		BED46EDE149DE5BF0026D15F /* Cocoa.framework in Frameworks */ = {isa = PBXBuildFile; fileRef = BED46EBE149DE5BF0026D15F /* Cocoa.framework */; };
		BED46EE6149DE5BF0026D15F /* InfoPlist.strings in Resources */ = {isa = PBXBuildFile; fileRef = BED46EE4149DE5BF0026D15F /* InfoPlist.strings */; };
		BED46EE9149DE5BF0026D15F /* SpecialKEvalTests.m in Sources */ = {isa = PBXBuildFile; fileRef = BED46EE8149DE5BF0026D15F /* SpecialKEvalTests.m */; };
		BED46EF8149DE6610026D15F /* FiveEval.m in Sources */ = {isa = PBXBuildFile; fileRef = BED46EF3149DE6610026D15F /* FiveEval.m */; };
		BED46EF9149DE6610026D15F /* HandEval.m in Sources */ = {isa = PBXBuildFile; fileRef = BED46EF5149DE6610026D15F /* HandEval.m */; };
		BED46EFA149DE6610026D15F /* SevenEval.m in Sources */ = {isa = PBXBuildFile; fileRef = BED46EF7149DE6610026D15F /* SevenEval.m */; };
		BED46EFF149E69B10026D15F /* HandEvalUnitTest.txt in Resources */ = {isa = PBXBuildFile; fileRef = BED46EFE149E69B10026D15F /* HandEvalUnitTest.txt */; };
/* End PBXBuildFile section */

/* Begin PBXContainerItemProxy section */
		BED46EDF149DE5BF0026D15F /* PBXContainerItemProxy */ = {
			isa = PBXContainerItemProxy;
			containerPortal = BED46EB1149DE5BF0026D15F /* Project object */;
			proxyType = 1;
			remoteGlobalIDString = BED46EB9149DE5BF0026D15F;
			remoteInfo = SpecialKEval;
		};
/* End PBXContainerItemProxy section */

/* Begin PBXFileReference section */
		BED46EBA149DE5BF0026D15F /* SpecialKEval.app */ = {isa = PBXFileReference; explicitFileType = wrapper.application; includeInIndex = 0; path = SpecialKEval.app; sourceTree = BUILT_PRODUCTS_DIR; };
		BED46EBE149DE5BF0026D15F /* Cocoa.framework */ = {isa = PBXFileReference; lastKnownFileType = wrapper.framework; name = Cocoa.framework; path = System/Library/Frameworks/Cocoa.framework; sourceTree = SDKROOT; };
		BED46EC1149DE5BF0026D15F /* AppKit.framework */ = {isa = PBXFileReference; lastKnownFileType = wrapper.framework; name = AppKit.framework; path = System/Library/Frameworks/AppKit.framework; sourceTree = SDKROOT; };
		BED46EC2149DE5BF0026D15F /* CoreData.framework */ = {isa = PBXFileReference; lastKnownFileType = wrapper.framework; name = CoreData.framework; path = System/Library/Frameworks/CoreData.framework; sourceTree = SDKROOT; };
		BED46EC3149DE5BF0026D15F /* Foundation.framework */ = {isa = PBXFileReference; lastKnownFileType = wrapper.framework; name = Foundation.framework; path = System/Library/Frameworks/Foundation.framework; sourceTree = SDKROOT; };
		BED46EC6149DE5BF0026D15F /* SpecialKEval-Info.plist */ = {isa = PBXFileReference; lastKnownFileType = text.plist.xml; path = "SpecialKEval-Info.plist"; sourceTree = "<group>"; };
		BED46EC8149DE5BF0026D15F /* en */ = {isa = PBXFileReference; lastKnownFileType = text.plist.strings; name = en; path = en.lproj/InfoPlist.strings; sourceTree = "<group>"; };
		BED46ECA149DE5BF0026D15F /* main.m */ = {isa = PBXFileReference; lastKnownFileType = sourcecode.c.objc; path = main.m; sourceTree = "<group>"; };
		BED46ECC149DE5BF0026D15F /* SpecialKEval-Prefix.pch */ = {isa = PBXFileReference; lastKnownFileType = sourcecode.c.h; path = "SpecialKEval-Prefix.pch"; sourceTree = "<group>"; };
		BED46ECE149DE5BF0026D15F /* en */ = {isa = PBXFileReference; lastKnownFileType = text.rtf; name = en; path = en.lproj/Credits.rtf; sourceTree = "<group>"; };
		BED46ED0149DE5BF0026D15F /* AppDelegate.h */ = {isa = PBXFileReference; lastKnownFileType = sourcecode.c.h; path = AppDelegate.h; sourceTree = "<group>"; };
		BED46ED1149DE5BF0026D15F /* AppDelegate.m */ = {isa = PBXFileReference; lastKnownFileType = sourcecode.c.objc; path = AppDelegate.m; sourceTree = "<group>"; };
		BED46ED4149DE5BF0026D15F /* en */ = {isa = PBXFileReference; lastKnownFileType = file.xib; name = en; path = en.lproj/MainMenu.xib; sourceTree = "<group>"; };
		BED46EDB149DE5BF0026D15F /* SpecialKEvalTests.octest */ = {isa = PBXFileReference; explicitFileType = wrapper.cfbundle; includeInIndex = 0; path = SpecialKEvalTests.octest; sourceTree = BUILT_PRODUCTS_DIR; };
		BED46EDC149DE5BF0026D15F /* SenTestingKit.framework */ = {isa = PBXFileReference; lastKnownFileType = wrapper.framework; name = SenTestingKit.framework; path = Library/Frameworks/SenTestingKit.framework; sourceTree = DEVELOPER_DIR; };
		BED46EE3149DE5BF0026D15F /* SpecialKEvalTests-Info.plist */ = {isa = PBXFileReference; lastKnownFileType = text.plist.xml; path = "SpecialKEvalTests-Info.plist"; sourceTree = "<group>"; };
		BED46EE5149DE5BF0026D15F /* en */ = {isa = PBXFileReference; lastKnownFileType = text.plist.strings; name = en; path = en.lproj/InfoPlist.strings; sourceTree = "<group>"; };
		BED46EE7149DE5BF0026D15F /* SpecialKEvalTests.h */ = {isa = PBXFileReference; lastKnownFileType = sourcecode.c.h; path = SpecialKEvalTests.h; sourceTree = "<group>"; };
		BED46EE8149DE5BF0026D15F /* SpecialKEvalTests.m */ = {isa = PBXFileReference; lastKnownFileType = sourcecode.c.objc; path = SpecialKEvalTests.m; sourceTree = "<group>"; };
		BED46EF2149DE6610026D15F /* FiveEval.h */ = {isa = PBXFileReference; fileEncoding = 4; lastKnownFileType = sourcecode.c.h; path = FiveEval.h; sourceTree = "<group>"; };
		BED46EF3149DE6610026D15F /* FiveEval.m */ = {isa = PBXFileReference; fileEncoding = 4; lastKnownFileType = sourcecode.c.objc; path = FiveEval.m; sourceTree = "<group>"; };
		BED46EF4149DE6610026D15F /* HandEval.h */ = {isa = PBXFileReference; fileEncoding = 4; lastKnownFileType = sourcecode.c.h; path = HandEval.h; sourceTree = "<group>"; };
		BED46EF5149DE6610026D15F /* HandEval.m */ = {isa = PBXFileReference; fileEncoding = 4; lastKnownFileType = sourcecode.c.objc; path = HandEval.m; sourceTree = "<group>"; };
		BED46EF6149DE6610026D15F /* SevenEval.h */ = {isa = PBXFileReference; fileEncoding = 4; lastKnownFileType = sourcecode.c.h; path = SevenEval.h; sourceTree = "<group>"; };
		BED46EF7149DE6610026D15F /* SevenEval.m */ = {isa = PBXFileReference; fileEncoding = 4; lastKnownFileType = sourcecode.c.objc; path = SevenEval.m; sourceTree = "<group>"; };
		BED46EFE149E69B10026D15F /* HandEvalUnitTest.txt */ = {isa = PBXFileReference; fileEncoding = 4; lastKnownFileType = text; path = HandEvalUnitTest.txt; sourceTree = "<group>"; };
/* End PBXFileReference section */

/* Begin PBXFrameworksBuildPhase section */
		BED46EB7149DE5BF0026D15F /* Frameworks */ = {
			isa = PBXFrameworksBuildPhase;
			buildActionMask = 2147483647;
			files = (
				BED46EBF149DE5BF0026D15F /* Cocoa.framework in Frameworks */,
			);
			runOnlyForDeploymentPostprocessing = 0;
		};
		BED46ED7149DE5BF0026D15F /* Frameworks */ = {
			isa = PBXFrameworksBuildPhase;
			buildActionMask = 2147483647;
			files = (
				BED46EDD149DE5BF0026D15F /* SenTestingKit.framework in Frameworks */,
				BED46EDE149DE5BF0026D15F /* Cocoa.framework in Frameworks */,
			);
			runOnlyForDeploymentPostprocessing = 0;
		};
/* End PBXFrameworksBuildPhase section */

/* Begin PBXGroup section */
		BED46EAF149DE5BF0026D15F = {
			isa = PBXGroup;
			children = (
				BED46EC4149DE5BF0026D15F /* SpecialKEval */,
				BED46EE1149DE5BF0026D15F /* SpecialKEvalTests */,
				BED46EBD149DE5BF0026D15F /* Frameworks */,
				BED46EBB149DE5BF0026D15F /* Products */,
			);
			sourceTree = "<group>";
		};
		BED46EBB149DE5BF0026D15F /* Products */ = {
			isa = PBXGroup;
			children = (
				BED46EBA149DE5BF0026D15F /* SpecialKEval.app */,
				BED46EDB149DE5BF0026D15F /* SpecialKEvalTests.octest */,
			);
			name = Products;
			sourceTree = "<group>";
		};
		BED46EBD149DE5BF0026D15F /* Frameworks */ = {
			isa = PBXGroup;
			children = (
				BED46EBE149DE5BF0026D15F /* Cocoa.framework */,
				BED46EDC149DE5BF0026D15F /* SenTestingKit.framework */,
				BED46EC0149DE5BF0026D15F /* Other Frameworks */,
			);
			name = Frameworks;
			sourceTree = "<group>";
		};
		BED46EC0149DE5BF0026D15F /* Other Frameworks */ = {
			isa = PBXGroup;
			children = (
				BED46EC1149DE5BF0026D15F /* AppKit.framework */,
				BED46EC2149DE5BF0026D15F /* CoreData.framework */,
				BED46EC3149DE5BF0026D15F /* Foundation.framework */,
			);
			name = "Other Frameworks";
			sourceTree = "<group>";
		};
		BED46EC4149DE5BF0026D15F /* SpecialKEval */ = {
			isa = PBXGroup;
			children = (
				BED46ED0149DE5BF0026D15F /* AppDelegate.h */,
				BED46ED1149DE5BF0026D15F /* AppDelegate.m */,
				BED46EF2149DE6610026D15F /* FiveEval.h */,
				BED46EF3149DE6610026D15F /* FiveEval.m */,
				BED46EF6149DE6610026D15F /* SevenEval.h */,
				BED46EF7149DE6610026D15F /* SevenEval.m */,
				BED46EF4149DE6610026D15F /* HandEval.h */,
				BED46EF5149DE6610026D15F /* HandEval.m */,
				BED46ED3149DE5BF0026D15F /* MainMenu.xib */,
				BED46EC5149DE5BF0026D15F /* Supporting Files */,
			);
			path = SpecialKEval;
			sourceTree = "<group>";
		};
		BED46EC5149DE5BF0026D15F /* Supporting Files */ = {
			isa = PBXGroup;
			children = (
				BED46EC6149DE5BF0026D15F /* SpecialKEval-Info.plist */,
				BED46EC7149DE5BF0026D15F /* InfoPlist.strings */,
				BED46ECA149DE5BF0026D15F /* main.m */,
				BED46ECC149DE5BF0026D15F /* SpecialKEval-Prefix.pch */,
				BED46ECD149DE5BF0026D15F /* Credits.rtf */,
			);
			name = "Supporting Files";
			sourceTree = "<group>";
		};
		BED46EE1149DE5BF0026D15F /* SpecialKEvalTests */ = {
			isa = PBXGroup;
			children = (
				BED46EE7149DE5BF0026D15F /* SpecialKEvalTests.h */,
				BED46EE8149DE5BF0026D15F /* SpecialKEvalTests.m */,
				BED46EE2149DE5BF0026D15F /* Supporting Files */,
			);
			path = SpecialKEvalTests;
			sourceTree = "<group>";
		};
		BED46EE2149DE5BF0026D15F /* Supporting Files */ = {
			isa = PBXGroup;
			children = (
				BED46EFE149E69B10026D15F /* HandEvalUnitTest.txt */,
				BED46EE3149DE5BF0026D15F /* SpecialKEvalTests-Info.plist */,
				BED46EE4149DE5BF0026D15F /* InfoPlist.strings */,
			);
			name = "Supporting Files";
			sourceTree = "<group>";
		};
/* End PBXGroup section */

/* Begin PBXNativeTarget section */
		BED46EB9149DE5BF0026D15F /* SpecialKEval */ = {
			isa = PBXNativeTarget;
			buildConfigurationList = BED46EEC149DE5BF0026D15F /* Build configuration list for PBXNativeTarget "SpecialKEval" */;
			buildPhases = (
				BED46EB6149DE5BF0026D15F /* Sources */,
				BED46EB7149DE5BF0026D15F /* Frameworks */,
				BED46EB8149DE5BF0026D15F /* Resources */,
			);
			buildRules = (
			);
			dependencies = (
			);
			name = SpecialKEval;
			productName = SpecialKEval;
			productReference = BED46EBA149DE5BF0026D15F /* SpecialKEval.app */;
			productType = "com.apple.product-type.application";
		};
		BED46EDA149DE5BF0026D15F /* SpecialKEvalTests */ = {
			isa = PBXNativeTarget;
			buildConfigurationList = BED46EEF149DE5BF0026D15F /* Build configuration list for PBXNativeTarget "SpecialKEvalTests" */;
			buildPhases = (
				BED46ED6149DE5BF0026D15F /* Sources */,
				BED46ED7149DE5BF0026D15F /* Frameworks */,
				BED46ED8149DE5BF0026D15F /* Resources */,
				BED46ED9149DE5BF0026D15F /* ShellScript */,
			);
			buildRules = (
			);
			dependencies = (
				BED46EE0149DE5BF0026D15F /* PBXTargetDependency */,
			);
			name = SpecialKEvalTests;
			productName = SpecialKEvalTests;
			productReference = BED46EDB149DE5BF0026D15F /* SpecialKEvalTests.octest */;
			productType = "com.apple.product-type.bundle";
		};
/* End PBXNativeTarget section */

/* Begin PBXProject section */
		BED46EB1149DE5BF0026D15F /* Project object */ = {
			isa = PBXProject;
			attributes = {
				LastUpgradeCheck = 0420;
				ORGANIZATIONNAME = "University of Tokyo";
			};
			buildConfigurationList = BED46EB4149DE5BF0026D15F /* Build configuration list for PBXProject "SpecialKEval" */;
			compatibilityVersion = "Xcode 3.2";
			developmentRegion = English;
			hasScannedForEncodings = 0;
			knownRegions = (
				en,
			);
			mainGroup = BED46EAF149DE5BF0026D15F;
			productRefGroup = BED46EBB149DE5BF0026D15F /* Products */;
			projectDirPath = "";
			projectRoot = "";
			targets = (
				BED46EB9149DE5BF0026D15F /* SpecialKEval */,
				BED46EDA149DE5BF0026D15F /* SpecialKEvalTests */,
			);
		};
/* End PBXProject section */

/* Begin PBXResourcesBuildPhase section */
		BED46EB8149DE5BF0026D15F /* Resources */ = {
			isa = PBXResourcesBuildPhase;
			buildActionMask = 2147483647;
			files = (
				BED46EC9149DE5BF0026D15F /* InfoPlist.strings in Resources */,
				BED46ECF149DE5BF0026D15F /* Credits.rtf in Resources */,
				BED46ED5149DE5BF0026D15F /* MainMenu.xib in Resources */,
				BED46EFF149E69B10026D15F /* HandEvalUnitTest.txt in Resources */,
			);
			runOnlyForDeploymentPostprocessing = 0;
		};
		BED46ED8149DE5BF0026D15F /* Resources */ = {
			isa = PBXResourcesBuildPhase;
			buildActionMask = 2147483647;
			files = (
				BED46EE6149DE5BF0026D15F /* InfoPlist.strings in Resources */,
			);
			runOnlyForDeploymentPostprocessing = 0;
		};
/* End PBXResourcesBuildPhase section */

/* Begin PBXShellScriptBuildPhase section */
		BED46ED9149DE5BF0026D15F /* ShellScript */ = {
			isa = PBXShellScriptBuildPhase;
			buildActionMask = 2147483647;
			files = (
			);
			inputPaths = (
			);
			outputPaths = (
			);
			runOnlyForDeploymentPostprocessing = 0;
			shellPath = /bin/sh;
			shellScript = "# Run the unit tests in this test bundle.\n\"${SYSTEM_DEVELOPER_DIR}/Tools/RunUnitTests\"\n";
		};
/* End PBXShellScriptBuildPhase section */

/* Begin PBXSourcesBuildPhase section */
		BED46EB6149DE5BF0026D15F /* Sources */ = {
			isa = PBXSourcesBuildPhase;
			buildActionMask = 2147483647;
			files = (
				BED46ECB149DE5BF0026D15F /* main.m in Sources */,
				BED46ED2149DE5BF0026D15F /* AppDelegate.m in Sources */,
				BED46EF8149DE6610026D15F /* FiveEval.m in Sources */,
				BED46EF9149DE6610026D15F /* HandEval.m in Sources */,
				BED46EFA149DE6610026D15F /* SevenEval.m in Sources */,
			);
			runOnlyForDeploymentPostprocessing = 0;
		};
		BED46ED6149DE5BF0026D15F /* Sources */ = {
			isa = PBXSourcesBuildPhase;
			buildActionMask = 2147483647;
			files = (
				BED46EE9149DE5BF0026D15F /* SpecialKEvalTests.m in Sources */,
			);
			runOnlyForDeploymentPostprocessing = 0;
		};
/* End PBXSourcesBuildPhase section */

/* Begin PBXTargetDependency section */
		BED46EE0149DE5BF0026D15F /* PBXTargetDependency */ = {
			isa = PBXTargetDependency;
			target = BED46EB9149DE5BF0026D15F /* SpecialKEval */;
			targetProxy = BED46EDF149DE5BF0026D15F /* PBXContainerItemProxy */;
		};
/* End PBXTargetDependency section */

/* Begin PBXVariantGroup section */
		BED46EC7149DE5BF0026D15F /* InfoPlist.strings */ = {
			isa = PBXVariantGroup;
			children = (
				BED46EC8149DE5BF0026D15F /* en */,
			);
			name = InfoPlist.strings;
			sourceTree = "<group>";
		};
		BED46ECD149DE5BF0026D15F /* Credits.rtf */ = {
			isa = PBXVariantGroup;
			children = (
				BED46ECE149DE5BF0026D15F /* en */,
			);
			name = Credits.rtf;
			sourceTree = "<group>";
		};
		BED46ED3149DE5BF0026D15F /* MainMenu.xib */ = {
			isa = PBXVariantGroup;
			children = (
				BED46ED4149DE5BF0026D15F /* en */,
			);
			name = MainMenu.xib;
			sourceTree = "<group>";
		};
		BED46EE4149DE5BF0026D15F /* InfoPlist.strings */ = {
			isa = PBXVariantGroup;
			children = (
				BED46EE5149DE5BF0026D15F /* en */,
			);
			name = InfoPlist.strings;
			sourceTree = "<group>";
		};
/* End PBXVariantGroup section */

/* Begin XCBuildConfiguration section */
		BED46EEA149DE5BF0026D15F /* Debug */ = {
			isa = XCBuildConfiguration;
			buildSettings = {
				ALWAYS_SEARCH_USER_PATHS = NO;
				ARCHS = "$(ARCHS_STANDARD_64_BIT)";
				COPY_PHASE_STRIP = NO;
				GCC_C_LANGUAGE_STANDARD = gnu99;
				GCC_DYNAMIC_NO_PIC = NO;
				GCC_ENABLE_OBJC_EXCEPTIONS = YES;
				GCC_OPTIMIZATION_LEVEL = 0;
				GCC_PREPROCESSOR_DEFINITIONS = (
					"DEBUG=1",
					"$(inherited)",
				);
				GCC_SYMBOLS_PRIVATE_EXTERN = NO;
				GCC_VERSION = com.apple.compilers.llvm.clang.1_0;
				GCC_WARN_64_TO_32_BIT_CONVERSION = YES;
				GCC_WARN_ABOUT_MISSING_PROTOTYPES = YES;
				GCC_WARN_ABOUT_RETURN_TYPE = YES;
				GCC_WARN_UNUSED_VARIABLE = YES;
				MACOSX_DEPLOYMENT_TARGET = 10.7;
				ONLY_ACTIVE_ARCH = YES;
				SDKROOT = macosx;
			};
			name = Debug;
		};
		BED46EEB149DE5BF0026D15F /* Release */ = {
			isa = XCBuildConfiguration;
			buildSettings = {
				ALWAYS_SEARCH_USER_PATHS = NO;
				ARCHS = "$(ARCHS_STANDARD_64_BIT)";
				COPY_PHASE_STRIP = YES;
				DEBUG_INFORMATION_FORMAT = "dwarf-with-dsym";
				GCC_C_LANGUAGE_STANDARD = gnu99;
				GCC_ENABLE_OBJC_EXCEPTIONS = YES;
				GCC_VERSION = com.apple.compilers.llvm.clang.1_0;
				GCC_WARN_64_TO_32_BIT_CONVERSION = YES;
				GCC_WARN_ABOUT_MISSING_PROTOTYPES = YES;
				GCC_WARN_ABOUT_RETURN_TYPE = YES;
				GCC_WARN_UNUSED_VARIABLE = YES;
				MACOSX_DEPLOYMENT_TARGET = 10.7;
				SDKROOT = macosx;
			};
			name = Release;
		};
		BED46EED149DE5BF0026D15F /* Debug */ = {
			isa = XCBuildConfiguration;
			buildSettings = {
				GCC_PRECOMPILE_PREFIX_HEADER = YES;
				GCC_PREFIX_HEADER = "SpecialKEval/SpecialKEval-Prefix.pch";
				INFOPLIST_FILE = "SpecialKEval/SpecialKEval-Info.plist";
				PRODUCT_NAME = "$(TARGET_NAME)";
				WRAPPER_EXTENSION = app;
			};
			name = Debug;
		};
		BED46EEE149DE5BF0026D15F /* Release */ = {
			isa = XCBuildConfiguration;
			buildSettings = {
				GCC_PRECOMPILE_PREFIX_HEADER = YES;
				GCC_PREFIX_HEADER = "SpecialKEval/SpecialKEval-Prefix.pch";
				INFOPLIST_FILE = "SpecialKEval/SpecialKEval-Info.plist";
				PRODUCT_NAME = "$(TARGET_NAME)";
				WRAPPER_EXTENSION = app;
			};
			name = Release;
		};
		BED46EF0149DE5BF0026D15F /* Debug */ = {
			isa = XCBuildConfiguration;
			buildSettings = {
				BUNDLE_LOADER = "$(BUILT_PRODUCTS_DIR)/SpecialKEval.app/Contents/MacOS/SpecialKEval";
				FRAMEWORK_SEARCH_PATHS = "$(DEVELOPER_LIBRARY_DIR)/Frameworks";
				GCC_PRECOMPILE_PREFIX_HEADER = YES;
				GCC_PREFIX_HEADER = "SpecialKEval/SpecialKEval-Prefix.pch";
				INFOPLIST_FILE = "SpecialKEvalTests/SpecialKEvalTests-Info.plist";
				PRODUCT_NAME = "$(TARGET_NAME)";
				TEST_HOST = "$(BUNDLE_LOADER)";
				WRAPPER_EXTENSION = octest;
			};
			name = Debug;
		};
		BED46EF1149DE5BF0026D15F /* Release */ = {
			isa = XCBuildConfiguration;
			buildSettings = {
				BUNDLE_LOADER = "$(BUILT_PRODUCTS_DIR)/SpecialKEval.app/Contents/MacOS/SpecialKEval";
				FRAMEWORK_SEARCH_PATHS = "$(DEVELOPER_LIBRARY_DIR)/Frameworks";
				GCC_PRECOMPILE_PREFIX_HEADER = YES;
				GCC_PREFIX_HEADER = "SpecialKEval/SpecialKEval-Prefix.pch";
				INFOPLIST_FILE = "SpecialKEvalTests/SpecialKEvalTests-Info.plist";
				PRODUCT_NAME = "$(TARGET_NAME)";
				TEST_HOST = "$(BUNDLE_LOADER)";
				WRAPPER_EXTENSION = octest;
			};
			name = Release;
		};
/* End XCBuildConfiguration section */

/* Begin XCConfigurationList section */
		BED46EB4149DE5BF0026D15F /* Build configuration list for PBXProject "SpecialKEval" */ = {
			isa = XCConfigurationList;
			buildConfigurations = (
				BED46EEA149DE5BF0026D15F /* Debug */,
				BED46EEB149DE5BF0026D15F /* Release */,
			);
			defaultConfigurationIsVisible = 0;
			defaultConfigurationName = Release;
		};
		BED46EEC149DE5BF0026D15F /* Build configuration list for PBXNativeTarget "SpecialKEval" */ = {
			isa = XCConfigurationList;
			buildConfigurations = (
				BED46EED149DE5BF0026D15F /* Debug */,
				BED46EEE149DE5BF0026D15F /* Release */,
			);
			defaultConfigurationIsVisible = 0;
			defaultConfigurationName = Release;
		};
		BED46EEF149DE5BF0026D15F /* Build configuration list for PBXNativeTarget "SpecialKEvalTests" */ = {
			isa = XCConfigurationList;
			buildConfigurations = (
				BED46EF0149DE5BF0026D15F /* Debug */,
				BED46EF1149DE5BF0026D15F /* Release */,
			);
			defaultConfigurationIsVisible = 0;
			defaultConfigurationName = Release;
		};
/* End XCConfigurationList section */
	};
	rootObject = BED46EB1149DE5BF0026D15F /* Project object */;
}
